
Microsoft Visual Studio Solution File, Format Version 9.00
# Visual Studio 2005
Project("{8BC9CEB8-8B4A-11D0-8D11-00A0C91BC942}") = "test_8086", "test_8086.vcproj", "{C69FC8E0-8E60-421F-ADEE-F10CE3842414}"
EndProject
Global
	GlobalSection(SolutionConfigurationPlatforms) = preSolution
		Debug|Win32 = Debug|Win32
		Release|Win32 = Release|Win32
	EndGlobalSection
	GlobalSection(ProjectConfigurationPlatforms) = postSolution
		{C69FC8E0-8E60-421F-ADEE-F10CE3842414}.Debug|Win32.ActiveCfg = Debug|Win32
		{C69FC8E0-8E60-421F-ADEE-F10CE3842414}.Debug|Win32.Build.0 = Debug|Win32
		{C69FC8E0-8E60-421F-ADEE-F10CE3842414}.Release|Win32.ActiveCfg = Release|Win32
		{C69FC8E0-8E60-421F-ADEE-F10CE3842414}.Release|Win32.Build.0 = Release|Win32
	EndGlobalSection
	GlobalSection(SolutionProperties) = preSolution
		HideSolutionNode = FALSE
	EndGlobalSection
EndGlobal
